
Microsoft Visual Studio Solution File, Format Version 12.00
# Visual Studio Version 17
VisualStudioVersion = 17.5.33502.453
MinimumVisualStudioVersion = 10.0.40219.1
Project("{FAE04EC0-301F-11D3-BF4B-00C04F79EFBC}") = "Shopping.Client", "Shopping.Client\Shopping.Client.csproj", "{57233AC5-16F8-4E4C-BE2C-606970179273}"
EndProject
Global
	GlobalSection(SolutionConfigurationPlatforms) = preSolution
		Debug|Any CPU = Debug|Any CPU
		Release|Any CPU = Release|Any CPU
	EndGlobalSection
	GlobalSection(ProjectConfigurationPlatforms) = postSolution
		{57233AC5-16F8-4E4C-BE2C-606970179273}.Debug|Any CPU.ActiveCfg = Debug|Any CPU
		{57233AC5-16F8-4E4C-BE2C-606970179273}.Debug|Any CPU.Build.0 = Debug|Any CPU
		{57233AC5-16F8-4E4C-BE2C-606970179273}.Release|Any CPU.ActiveCfg = Release|Any CPU
		{57233AC5-16F8-4E4C-BE2C-606970179273}.Release|Any CPU.Build.0 = Release|Any CPU
	EndGlobalSection
	GlobalSection(SolutionProperties) = preSolution
		HideSolutionNode = FALSE
	EndGlobalSection
	GlobalSection(ExtensibilityGlobals) = postSolution
		SolutionGuid = {95652579-81FB-4C32-A055-6CEB8094F99B}
	EndGlobalSection
EndGlobal
